memo = "e40e471d9c0527d939caf4ccbe8782b25e6aabe866705f32b3f36238ffb9c19f"

[[projects]]
  branch = "master"
  name = "github.com/CloudyKit/fastprinter"
  packages = ["."]
  revision = "74b38d55f37af5d6c05ca11147d616b613a3420e"

[[projects]]
  branch = "master"
  name = "github.com/CloudyKit/jet"
  packages = ["."]
  revision = "62d3289aafd039c4b6d00f82e935322a4480c8a6"

[[projects]]
  name = "github.com/aws/aws-sdk-go"
  packages = ["aws","aws/awserr","aws/awsutil","aws/client","aws/client/metadata","aws/corehandlers","aws/credentials","aws/credentials/ec2rolecreds","aws/credentials/endpointcreds","aws/credentials/stscreds","aws/defaults","aws/ec2metadata","aws/endpoints","aws/request","aws/session","aws/signer/v4","private/protocol","private/protocol/query","private/protocol/query/queryutil","private/protocol/rest","private/protocol/restxml","private/protocol/xml/xmlutil","service/s3","service/sts"]
  revision = "0dbc446aca87aebb6e0a24509b59bafc0e3ec0ae"
  version = "v1.8.19"

[[projects]]
  name = "github.com/davecgh/go-spew"
  packages = ["spew"]
  revision = "346938d642f2ec3594ed81d874461961cd0faa76"
  version = "v1.1.0"

[[projects]]
  name = "github.com/go-ini/ini"
  packages = ["."]
  revision = "e7fea39b01aea8d5671f6858f0532f56e8bff3a5"
  version = "v1.27.0"

[[projects]]
  branch = "master"
  name = "github.com/google/btree"
  packages = ["."]
  revision = "316fb6d3f031ae8f4d457c6c5186b9e3ded70435"

[[projects]]
  branch = "master"
  name = "github.com/gosimple/slug"
  packages = ["."]
  revision = "32efb997950eba210b1880d8cf52b601c1b5abe3"

[[projects]]
  branch = "master"
  name = "github.com/gregjones/httpcache"
  packages = [".","diskcache"]
  revision = "d02018f006d98f58512bf3adfc171d88d17626df"

[[projects]]
  branch = "master"
  name = "github.com/inconshreveable/mousetrap"
  packages = ["."]
  revision = "76626ae9c91c4f2a10f34cad8ce83ea42c93bb75"

[[projects]]
  name = "github.com/jmespath/go-jmespath"
  packages = ["."]
  revision = "3433f3ea46d9f8019119e7dd41274e112a2359a9"
  version = "0.2.2"

[[projects]]
  branch = "master"
  name = "github.com/microcosm-cc/bluemonday"
  packages = ["."]
  revision = "e79763773ab6222ca1d5a7cbd9d62d83c1f77081"

[[projects]]
  branch = "master"
  name = "github.com/nicksnyder/go-i18n"
  packages = ["i18n","i18n/bundle","i18n/language","i18n/translation"]
  revision = "5a40a66b242242b28cac9dd07177d50818512397"

[[projects]]
  name = "github.com/op/go-logging"
  packages = ["."]
  revision = "b2cb9fa56473e98db8caba80237377e83fe44db5"
  version = "v1"

[[projects]]
  branch = "master"
  name = "github.com/petar/GoLLRB"
  packages = ["llrb"]
  revision = "53be0d36a84c2a886ca057d34b6aa4468df9ccb4"

[[projects]]
  branch = "master"
  name = "github.com/peterbourgon/diskv"
  packages = ["."]
  revision = "5dfcb07a075adbaaa4094cddfd160b1e1c77a043"

[[projects]]
  name = "github.com/pkg/errors"
  packages = ["."]
  revision = "645ef00459ed84a119197bfb8d8205042c6df63d"
  version = "v0.8.0"

[[projects]]
  name = "github.com/pmezard/go-difflib"
  packages = ["difflib"]
  revision = "792786c7400a136282c1664665ae0a8db921c6c2"
  version = "v1.0.0"

[[projects]]
  branch = "master"
  name = "github.com/rainycape/unidecode"
  packages = ["."]
  revision = "cb7f23ec59bec0d61b19c56cd88cee3d0cc1870c"

[[projects]]
  branch = "master"
  name = "github.com/russross/blackfriday"
  packages = ["."]
  revision = "5f33e7b7878355cd2b7e6b8eefc48a5472c69f70"

[[projects]]
  branch = "master"
  name = "github.com/shurcooL/sanitized_anchor_name"
  packages = ["."]
  revision = "1dba4b3954bc059efc3991ec364f9f9a35f597d2"

[[projects]]
  branch = "master"
  name = "github.com/spf13/cobra"
  packages = ["."]
  revision = "6e91dded25d73176bf7f60b40dd7aa1f0bf9be8d"

[[projects]]
  branch = "master"
  name = "github.com/spf13/pflag"
  packages = ["."]
  revision = "5ccb023bc27df288a957c5e994cd44fd19619465"

[[projects]]
  name = "github.com/stretchr/testify"
  packages = ["assert"]
  revision = "69483b4bd14f5845b5a1e55bca19e954e827f1d0"
  version = "v1.1.4"

[[projects]]
  name = "github.com/wellington/go-libsass"
  packages = ["."]
  revision = "4cdf225c9b570199942b38c82397670be237829f"
  version = "v0.9.0"

[[projects]]
  name = "github.com/wellington/spritewell"
  packages = ["."]
  revision = "3a43f26d94a6da8e40884d1edca0ff372ab7487d"
  version = "v0.4.0"

[[projects]]
  branch = "master"
  name = "golang.org/x/crypto"
  packages = ["ssh/terminal"]
  revision = "cbc3d0884eac986df6e78a039b8792e869bff863"

[[projects]]
  branch = "master"
  name = "golang.org/x/net"
  packages = ["html","html/atom"]
  revision = "10c134ea0df15f7e34d789338c7a2d76cc7a3ab9"

[[projects]]
  branch = "master"
  name = "golang.org/x/sys"
  packages = ["unix"]
  revision = "b699b7032584f0953262cb2788a0ca19bb494703"

[[projects]]
  branch = "master"
  name = "gopkg.in/fsnotify.v1"
  packages = ["."]
  revision = "629574ca2a5df945712d3079857300b5e4da0236"

[[projects]]
  branch = "v2"
  name = "gopkg.in/yaml.v2"
  packages = ["."]
  revision = "a3f3340b5840cee44f372bddb5880fcbc419b46a"
